dependencies:
  espressif/cjson:
    component_hash: 002c6d1872ee4c97d333938ebe107a29841cc847f9de89e676714bd2844057ea
    dependencies:
    - name: idf
      require: private
      version: '>=5.0'
    source:
      registry_url: https://components.espressif.com/
      type: service
    version: 1.7.19~1
  espressif/esp_websocket_client:
    component_hash: c5a067a9fddea370c478017e66fac302f4b79c3d4027e9bdd42a019786cceb92
    dependencies:
    - name: idf
      require: private
      version: '>=5.0'
    source:
      registry_url: https://components.espressif.com/
      type: service
    version: 1.6.1
  idf:
    source:
      type: idf
    version: 6.1.0
direct_dependencies:
- espressif/cjson
- espressif/esp_websocket_client
manifest_hash: 90feb01ed08491a52545d5de0036bb447ffd16b2dc0a86479c3bb2d32ebee8ee
target: esp32
version: 2.0.0
